
Microsoft Visual Studio Solution File, Format Version 12.00
# Visual Studio Version 17
VisualStudioVersion = 17.10.35004.147
MinimumVisualStudioVersion = 10.0.40219.1
Project("{FAE04EC0-301F-11D3-BF4B-00C04F79EFBC}") = "RecordatorioMedicamentos", "RecordatorioMedicamentos\RecordatorioMedicamentos.csproj", "{A3D90008-52AA-484A-B79D-1248BB2ED753}"
EndProject
Global
	GlobalSection(SolutionConfigurationPlatforms) = preSolution
		Debug|Any CPU = Debug|Any CPU
		Release|Any CPU = Release|Any CPU
	EndGlobalSection
	GlobalSection(ProjectConfigurationPlatforms) = postSolution
		{A3D90008-52AA-484A-B79D-1248BB2ED753}.Debug|Any CPU.ActiveCfg = Debug|Any CPU
		{A3D90008-52AA-484A-B79D-1248BB2ED753}.Debug|Any CPU.Build.0 = Debug|Any CPU
		{A3D90008-52AA-484A-B79D-1248BB2ED753}.Debug|Any CPU.Deploy.0 = Debug|Any CPU
		{A3D90008-52AA-484A-B79D-1248BB2ED753}.Release|Any CPU.ActiveCfg = Release|Any CPU
		{A3D90008-52AA-484A-B79D-1248BB2ED753}.Release|Any CPU.Build.0 = Release|Any CPU
		{A3D90008-52AA-484A-B79D-1248BB2ED753}.Release|Any CPU.Deploy.0 = Release|Any CPU
	EndGlobalSection
	GlobalSection(SolutionProperties) = preSolution
		HideSolutionNode = FALSE
	EndGlobalSection
	GlobalSection(ExtensibilityGlobals) = postSolution
		SolutionGuid = {817B9D09-A7E4-44D7-AAB0-D88749194ADE}
	EndGlobalSection
EndGlobal
